// !$*UTF8*$!
{
	archiveVersion = 1;
	classes = {
	};
	objectVersion = 46;
	objects = {

/* Begin PBXBuildFile section */
		8A2593EB14F6811800A3D43A /* Foundation.framework in Frameworks */ = {isa = PBXBuildFile; fileRef = 8AA24C9B14ED072700D7725C /* Foundation.framework */; };
		8A2593F114F6811800A3D43A /* MSSCommunicationController.m in Sources */ = {isa = PBXBuildFile; fileRef = 8A2593F014F6811800A3D43A /* MSSCommunicationController.m */; };
		8A2593F614F6827500A3D43A /* libMSSCommunicationController.a in Frameworks */ = {isa = PBXBuildFile; fileRef = 8A2593EA14F6811800A3D43A /* libMSSCommunicationController.a */; };
		8A2593FE14F6850500A3D43A /* CodeineStructs.h in Headers */ = {isa = PBXBuildFile; fileRef = 8A2593FD14F6850500A3D43A /* CodeineStructs.h */; settings = {ATTRIBUTES = (Public, ); }; };
		8A567AA614F4F8D900BD2E45 /* QuartzCore.framework in Frameworks */ = {isa = PBXBuildFile; fileRef = 8A567AA514F4F8D900BD2E45 /* QuartzCore.framework */; };
		8A567AAD14F53CA300BD2E45 /* pieMenuViewController.m in Sources */ = {isa = PBXBuildFile; fileRef = 8A567AAC14F53CA300BD2E45 /* pieMenuViewController.m */; };
		8A59C42F1503A5FD008ED71F /* GCDAsyncUdpSocket.h in Headers */ = {isa = PBXBuildFile; fileRef = 8A59C42D1503A5FD008ED71F /* GCDAsyncUdpSocket.h */; settings = {ATTRIBUTES = (Public, ); }; };
		8A59C4301503A5FD008ED71F /* GCDAsyncUdpSocket.m in Sources */ = {isa = PBXBuildFile; fileRef = 8A59C42E1503A5FD008ED71F /* GCDAsyncUdpSocket.m */; settings = {COMPILER_FLAGS = "-fno-objc-arc"; }; };
		8A59C43C1503AB80008ED71F /* MSSCommunicationController.h in Headers */ = {isa = PBXBuildFile; fileRef = 8A2593EF14F6811800A3D43A /* MSSCommunicationController.h */; settings = {ATTRIBUTES = (Public, ); }; };
		8AA24C9A14ED072700D7725C /* UIKit.framework in Frameworks */ = {isa = PBXBuildFile; fileRef = 8AA24C9914ED072700D7725C /* UIKit.framework */; };
		8AA24C9C14ED072700D7725C /* Foundation.framework in Frameworks */ = {isa = PBXBuildFile; fileRef = 8AA24C9B14ED072700D7725C /* Foundation.framework */; };
		8AA24C9E14ED072700D7725C /* CoreGraphics.framework in Frameworks */ = {isa = PBXBuildFile; fileRef = 8AA24C9D14ED072700D7725C /* CoreGraphics.framework */; };
		8AA24CA414ED072700D7725C /* InfoPlist.strings in Resources */ = {isa = PBXBuildFile; fileRef = 8AA24CA214ED072700D7725C /* InfoPlist.strings */; };
		8AA24CA614ED072700D7725C /* main.m in Sources */ = {isa = PBXBuildFile; fileRef = 8AA24CA514ED072700D7725C /* main.m */; };
		8AA24CAA14ED072700D7725C /* AppDelegate.m in Sources */ = {isa = PBXBuildFile; fileRef = 8AA24CA914ED072700D7725C /* AppDelegate.m */; };
		8AA24CB214ED079800D7725C /* pieMenuView.m in Sources */ = {isa = PBXBuildFile; fileRef = 8AA24CB114ED079800D7725C /* pieMenuView.m */; };
		8AA3C51D14FBC76200229735 /* MyPieMenuController.m in Sources */ = {isa = PBXBuildFile; fileRef = 8AA3C51C14FBC76200229735 /* MyPieMenuController.m */; };
		8ABC211314EE87E900CF5CFB /* pieSliceView.m in Sources */ = {isa = PBXBuildFile; fileRef = 8ABC211214EE87E900CF5CFB /* pieSliceView.m */; };
		8AF165F214F7A42B00FD04D4 /* MSSCContactDescriptor.h in Headers */ = {isa = PBXBuildFile; fileRef = 8AF165F014F7A42B00FD04D4 /* MSSCContactDescriptor.h */; settings = {ATTRIBUTES = (Public, ); }; };
		8AF165F314F7A42B00FD04D4 /* MSSCContactDescriptor.m in Sources */ = {isa = PBXBuildFile; fileRef = 8AF165F114F7A42B00FD04D4 /* MSSCContactDescriptor.m */; };
/* End PBXBuildFile section */

/* Begin PBXFileReference section */
		8A2593EA14F6811800A3D43A /* libMSSCommunicationController.a */ = {isa = PBXFileReference; explicitFileType = archive.ar; includeInIndex = 0; path = libMSSCommunicationController.a; sourceTree = BUILT_PRODUCTS_DIR; };
		8A2593EE14F6811800A3D43A /* MSSCommunicationController-Prefix.pch */ = {isa = PBXFileReference; lastKnownFileType = sourcecode.c.h; path = "MSSCommunicationController-Prefix.pch"; sourceTree = "<group>"; };
		8A2593EF14F6811800A3D43A /* MSSCommunicationController.h */ = {isa = PBXFileReference; lastKnownFileType = sourcecode.c.h; path = MSSCommunicationController.h; sourceTree = "<group>"; };
		8A2593F014F6811800A3D43A /* MSSCommunicationController.m */ = {isa = PBXFileReference; lastKnownFileType = sourcecode.c.objc; path = MSSCommunicationController.m; sourceTree = "<group>"; };
		8A2593FD14F6850500A3D43A /* CodeineStructs.h */ = {isa = PBXFileReference; fileEncoding = 4; lastKnownFileType = sourcecode.c.h; path = CodeineStructs.h; sourceTree = "<group>"; };
		8A567AA514F4F8D900BD2E45 /* QuartzCore.framework */ = {isa = PBXFileReference; lastKnownFileType = wrapper.framework; name = QuartzCore.framework; path = System/Library/Frameworks/QuartzCore.framework; sourceTree = SDKROOT; };
		8A567AAB14F53CA300BD2E45 /* pieMenuViewController.h */ = {isa = PBXFileReference; fileEncoding = 4; lastKnownFileType = sourcecode.c.h; path = pieMenuViewController.h; sourceTree = "<group>"; };
		8A567AAC14F53CA300BD2E45 /* pieMenuViewController.m */ = {isa = PBXFileReference; fileEncoding = 4; lastKnownFileType = sourcecode.c.objc; path = pieMenuViewController.m; sourceTree = "<group>"; };
		8A59C42D1503A5FD008ED71F /* GCDAsyncUdpSocket.h */ = {isa = PBXFileReference; fileEncoding = 4; lastKnownFileType = sourcecode.c.h; path = GCDAsyncUdpSocket.h; sourceTree = "<group>"; };
		8A59C42E1503A5FD008ED71F /* GCDAsyncUdpSocket.m */ = {isa = PBXFileReference; fileEncoding = 4; lastKnownFileType = sourcecode.c.objc; path = GCDAsyncUdpSocket.m; sourceTree = "<group>"; };
		8AA24C9514ED072700D7725C /* pieMenu.app */ = {isa = PBXFileReference; explicitFileType = wrapper.application; includeInIndex = 0; path = pieMenu.app; sourceTree = BUILT_PRODUCTS_DIR; };
		8AA24C9914ED072700D7725C /* UIKit.framework */ = {isa = PBXFileReference; lastKnownFileType = wrapper.framework; name = UIKit.framework; path = System/Library/Frameworks/UIKit.framework; sourceTree = SDKROOT; };
		8AA24C9B14ED072700D7725C /* Foundation.framework */ = {isa = PBXFileReference; lastKnownFileType = wrapper.framework; name = Foundation.framework; path = System/Library/Frameworks/Foundation.framework; sourceTree = SDKROOT; };
		8AA24C9D14ED072700D7725C /* CoreGraphics.framework */ = {isa = PBXFileReference; lastKnownFileType = wrapper.framework; name = CoreGraphics.framework; path = System/Library/Frameworks/CoreGraphics.framework; sourceTree = SDKROOT; };
		8AA24CA114ED072700D7725C /* pieMenu-Info.plist */ = {isa = PBXFileReference; lastKnownFileType = text.plist.xml; path = "pieMenu-Info.plist"; sourceTree = "<group>"; };
		8AA24CA314ED072700D7725C /* en */ = {isa = PBXFileReference; lastKnownFileType = text.plist.strings; name = en; path = en.lproj/InfoPlist.strings; sourceTree = "<group>"; };
		8AA24CA514ED072700D7725C /* main.m */ = {isa = PBXFileReference; lastKnownFileType = sourcecode.c.objc; path = main.m; sourceTree = "<group>"; };
		8AA24CA714ED072700D7725C /* pieMenu-Prefix.pch */ = {isa = PBXFileReference; lastKnownFileType = sourcecode.c.h; path = "pieMenu-Prefix.pch"; sourceTree = "<group>"; };
		8AA24CA814ED072700D7725C /* AppDelegate.h */ = {isa = PBXFileReference; lastKnownFileType = sourcecode.c.h; path = AppDelegate.h; sourceTree = "<group>"; };
		8AA24CA914ED072700D7725C /* AppDelegate.m */ = {isa = PBXFileReference; lastKnownFileType = sourcecode.c.objc; path = AppDelegate.m; sourceTree = "<group>"; };
		8AA24CB014ED079800D7725C /* pieMenuView.h */ = {isa = PBXFileReference; fileEncoding = 4; lastKnownFileType = sourcecode.c.h; path = pieMenuView.h; sourceTree = "<group>"; };
		8AA24CB114ED079800D7725C /* pieMenuView.m */ = {isa = PBXFileReference; fileEncoding = 4; lastKnownFileType = sourcecode.c.objc; path = pieMenuView.m; sourceTree = "<group>"; };
		8AA3C51B14FBC76200229735 /* MyPieMenuController.h */ = {isa = PBXFileReference; fileEncoding = 4; lastKnownFileType = sourcecode.c.h; path = MyPieMenuController.h; sourceTree = "<group>"; };
		8AA3C51C14FBC76200229735 /* MyPieMenuController.m */ = {isa = PBXFileReference; fileEncoding = 4; lastKnownFileType = sourcecode.c.objc; path = MyPieMenuController.m; sourceTree = "<group>"; };
		8ABC211114EE87E900CF5CFB /* pieSliceView.h */ = {isa = PBXFileReference; fileEncoding = 4; lastKnownFileType = sourcecode.c.h; path = pieSliceView.h; sourceTree = "<group>"; };
		8ABC211214EE87E900CF5CFB /* pieSliceView.m */ = {isa = PBXFileReference; fileEncoding = 4; lastKnownFileType = sourcecode.c.objc; path = pieSliceView.m; sourceTree = "<group>"; };
		8ABC211514EE8CC100CF5CFB /* utils.h */ = {isa = PBXFileReference; fileEncoding = 4; lastKnownFileType = sourcecode.c.h; path = utils.h; sourceTree = "<group>"; };
		8AF165F014F7A42B00FD04D4 /* MSSCContactDescriptor.h */ = {isa = PBXFileReference; fileEncoding = 4; lastKnownFileType = sourcecode.c.h; path = MSSCContactDescriptor.h; sourceTree = "<group>"; };
		8AF165F114F7A42B00FD04D4 /* MSSCContactDescriptor.m */ = {isa = PBXFileReference; fileEncoding = 4; lastKnownFileType = sourcecode.c.objc; path = MSSCContactDescriptor.m; sourceTree = "<group>"; };
/* End PBXFileReference section */

/* Begin PBXFrameworksBuildPhase section */
		8A2593E714F6811800A3D43A /* Frameworks */ = {
			isa = PBXFrameworksBuildPhase;
			buildActionMask = 2147483647;
			files = (
				8A2593EB14F6811800A3D43A /* Foundation.framework in Frameworks */,
			);
			runOnlyForDeploymentPostprocessing = 0;
		};
		8AA24C9214ED072700D7725C /* Frameworks */ = {
			isa = PBXFrameworksBuildPhase;
			buildActionMask = 2147483647;
			files = (
				8A2593F614F6827500A3D43A /* libMSSCommunicationController.a in Frameworks */,
				8A567AA614F4F8D900BD2E45 /* QuartzCore.framework in Frameworks */,
				8AA24C9A14ED072700D7725C /* UIKit.framework in Frameworks */,
				8AA24C9C14ED072700D7725C /* Foundation.framework in Frameworks */,
				8AA24C9E14ED072700D7725C /* CoreGraphics.framework in Frameworks */,
			);
			runOnlyForDeploymentPostprocessing = 0;
		};
/* End PBXFrameworksBuildPhase section */

/* Begin PBXGroup section */
		8A2593EC14F6811800A3D43A /* MSSCommunicationController */ = {
			isa = PBXGroup;
			children = (
				8A59C42D1503A5FD008ED71F /* GCDAsyncUdpSocket.h */,
				8A59C42E1503A5FD008ED71F /* GCDAsyncUdpSocket.m */,
				8A2593F014F6811800A3D43A /* MSSCommunicationController.m */,
				8A2593EF14F6811800A3D43A /* MSSCommunicationController.h */,
				8A2593FD14F6850500A3D43A /* CodeineStructs.h */,
				8AF165F014F7A42B00FD04D4 /* MSSCContactDescriptor.h */,
				8AF165F114F7A42B00FD04D4 /* MSSCContactDescriptor.m */,
				8A2593ED14F6811800A3D43A /* Supporting Files */,
			);
			path = MSSCommunicationController;
			sourceTree = "<group>";
		};
		8A2593ED14F6811800A3D43A /* Supporting Files */ = {
			isa = PBXGroup;
			children = (
				8A2593EE14F6811800A3D43A /* MSSCommunicationController-Prefix.pch */,
			);
			name = "Supporting Files";
			sourceTree = "<group>";
		};
		8AA24C8A14ED072600D7725C = {
			isa = PBXGroup;
			children = (
				8AA24C9F14ED072700D7725C /* pieMenu */,
				8A2593EC14F6811800A3D43A /* MSSCommunicationController */,
				8AA24C9814ED072700D7725C /* Frameworks */,
				8AA24C9614ED072700D7725C /* Products */,
			);
			sourceTree = "<group>";
		};
		8AA24C9614ED072700D7725C /* Products */ = {
			isa = PBXGroup;
			children = (
				8AA24C9514ED072700D7725C /* pieMenu.app */,
				8A2593EA14F6811800A3D43A /* libMSSCommunicationController.a */,
			);
			name = Products;
			sourceTree = "<group>";
		};
		8AA24C9814ED072700D7725C /* Frameworks */ = {
			isa = PBXGroup;
			children = (
				8A567AA514F4F8D900BD2E45 /* QuartzCore.framework */,
				8AA24C9914ED072700D7725C /* UIKit.framework */,
				8AA24C9B14ED072700D7725C /* Foundation.framework */,
				8AA24C9D14ED072700D7725C /* CoreGraphics.framework */,
			);
			name = Frameworks;
			sourceTree = "<group>";
		};
		8AA24C9F14ED072700D7725C /* pieMenu */ = {
			isa = PBXGroup;
			children = (
				8AA24CA814ED072700D7725C /* AppDelegate.h */,
				8AA24CA914ED072700D7725C /* AppDelegate.m */,
				8AA3C51B14FBC76200229735 /* MyPieMenuController.h */,
				8AA3C51C14FBC76200229735 /* MyPieMenuController.m */,
				8A567AAB14F53CA300BD2E45 /* pieMenuViewController.h */,
				8A567AAC14F53CA300BD2E45 /* pieMenuViewController.m */,
				8AA24CB014ED079800D7725C /* pieMenuView.h */,
				8AA24CB114ED079800D7725C /* pieMenuView.m */,
				8ABC211114EE87E900CF5CFB /* pieSliceView.h */,
				8ABC211214EE87E900CF5CFB /* pieSliceView.m */,
				8ABC211514EE8CC100CF5CFB /* utils.h */,
				8AA24CA014ED072700D7725C /* Supporting Files */,
			);
			path = pieMenu;
			sourceTree = "<group>";
		};
		8AA24CA014ED072700D7725C /* Supporting Files */ = {
			isa = PBXGroup;
			children = (
				8AA24CA114ED072700D7725C /* pieMenu-Info.plist */,
				8AA24CA214ED072700D7725C /* InfoPlist.strings */,
				8AA24CA514ED072700D7725C /* main.m */,
				8AA24CA714ED072700D7725C /* pieMenu-Prefix.pch */,
			);
			name = "Supporting Files";
			sourceTree = "<group>";
		};
/* End PBXGroup section */

/* Begin PBXHeadersBuildPhase section */
		8A2593E814F6811800A3D43A /* Headers */ = {
			isa = PBXHeadersBuildPhase;
			buildActionMask = 2147483647;
			files = (
				8AF165F214F7A42B00FD04D4 /* MSSCContactDescriptor.h in Headers */,
				8A59C43C1503AB80008ED71F /* MSSCommunicationController.h in Headers */,
				8A2593FE14F6850500A3D43A /* CodeineStructs.h in Headers */,
				8A59C42F1503A5FD008ED71F /* GCDAsyncUdpSocket.h in Headers */,
			);
			runOnlyForDeploymentPostprocessing = 0;
		};
/* End PBXHeadersBuildPhase section */

/* Begin PBXNativeTarget section */
		8A2593E914F6811800A3D43A /* MSSCommunicationController */ = {
			isa = PBXNativeTarget;
			buildConfigurationList = 8A2593F214F6811800A3D43A /* Build configuration list for PBXNativeTarget "MSSCommunicationController" */;
			buildPhases = (
				8A2593E614F6811800A3D43A /* Sources */,
				8A2593E714F6811800A3D43A /* Frameworks */,
				8A2593E814F6811800A3D43A /* Headers */,
				8A59C4311503A93D008ED71F /* ShellScript */,
			);
			buildRules = (
			);
			dependencies = (
			);
			name = MSSCommunicationController;
			productName = MSSCommunicationController;
			productReference = 8A2593EA14F6811800A3D43A /* libMSSCommunicationController.a */;
			productType = "com.apple.product-type.library.static";
		};
		8AA24C9414ED072700D7725C /* pieMenu */ = {
			isa = PBXNativeTarget;
			buildConfigurationList = 8AA24CAD14ED072700D7725C /* Build configuration list for PBXNativeTarget "pieMenu" */;
			buildPhases = (
				8AA24C9114ED072700D7725C /* Sources */,
				8AA24C9214ED072700D7725C /* Frameworks */,
				8AA24C9314ED072700D7725C /* Resources */,
			);
			buildRules = (
			);
			dependencies = (
			);
			name = pieMenu;
			productName = pieMenu;
			productReference = 8AA24C9514ED072700D7725C /* pieMenu.app */;
			productType = "com.apple.product-type.application";
		};
/* End PBXNativeTarget section */

/* Begin PBXProject section */
		8AA24C8C14ED072600D7725C /* Project object */ = {
			isa = PBXProject;
			attributes = {
				LastUpgradeCheck = 0420;
				ORGANIZATIONNAME = ChalmersTH;
			};
			buildConfigurationList = 8AA24C8F14ED072600D7725C /* Build configuration list for PBXProject "pieMenu" */;
			compatibilityVersion = "Xcode 3.2";
			developmentRegion = English;
			hasScannedForEncodings = 0;
			knownRegions = (
				en,
			);
			mainGroup = 8AA24C8A14ED072600D7725C;
			productRefGroup = 8AA24C9614ED072700D7725C /* Products */;
			projectDirPath = "";
			projectRoot = "";
			targets = (
				8AA24C9414ED072700D7725C /* pieMenu */,
				8A2593E914F6811800A3D43A /* MSSCommunicationController */,
			);
		};
/* End PBXProject section */

/* Begin PBXResourcesBuildPhase section */
		8AA24C9314ED072700D7725C /* Resources */ = {
			isa = PBXResourcesBuildPhase;
			buildActionMask = 2147483647;
			files = (
				8AA24CA414ED072700D7725C /* InfoPlist.strings in Resources */,
			);
			runOnlyForDeploymentPostprocessing = 0;
		};
/* End PBXResourcesBuildPhase section */

/* Begin PBXShellScriptBuildPhase section */
		8A59C4311503A93D008ED71F /* ShellScript */ = {
			isa = PBXShellScriptBuildPhase;
			buildActionMask = 2147483647;
			files = (
			);
			inputPaths = (
			);
			outputPaths = (
			);
			runOnlyForDeploymentPostprocessing = 0;
			shellPath = /bin/sh;
			shellScript = "";
			showEnvVarsInLog = 0;
		};
/* End PBXShellScriptBuildPhase section */

/* Begin PBXSourcesBuildPhase section */
		8A2593E614F6811800A3D43A /* Sources */ = {
			isa = PBXSourcesBuildPhase;
			buildActionMask = 2147483647;
			files = (
				8A2593F114F6811800A3D43A /* MSSCommunicationController.m in Sources */,
				8AF165F314F7A42B00FD04D4 /* MSSCContactDescriptor.m in Sources */,
				8A59C4301503A5FD008ED71F /* GCDAsyncUdpSocket.m in Sources */,
			);
			runOnlyForDeploymentPostprocessing = 0;
		};
		8AA24C9114ED072700D7725C /* Sources */ = {
			isa = PBXSourcesBuildPhase;
			buildActionMask = 2147483647;
			files = (
				8AA24CA614ED072700D7725C /* main.m in Sources */,
				8AA24CAA14ED072700D7725C /* AppDelegate.m in Sources */,
				8AA24CB214ED079800D7725C /* pieMenuView.m in Sources */,
				8ABC211314EE87E900CF5CFB /* pieSliceView.m in Sources */,
				8A567AAD14F53CA300BD2E45 /* pieMenuViewController.m in Sources */,
				8AA3C51D14FBC76200229735 /* MyPieMenuController.m in Sources */,
			);
			runOnlyForDeploymentPostprocessing = 0;
		};
/* End PBXSourcesBuildPhase section */

/* Begin PBXVariantGroup section */
		8AA24CA214ED072700D7725C /* InfoPlist.strings */ = {
			isa = PBXVariantGroup;
			children = (
				8AA24CA314ED072700D7725C /* en */,
			);
			name = InfoPlist.strings;
			sourceTree = "<group>";
		};
/* End PBXVariantGroup section */

/* Begin XCBuildConfiguration section */
		8A2593F314F6811800A3D43A /* Debug */ = {
			isa = XCBuildConfiguration;
			buildSettings = {
				DSTROOT = /tmp/MSSCommunicationController.dst;
				GCC_PRECOMPILE_PREFIX_HEADER = YES;
				GCC_PREFIX_HEADER = "MSSCommunicationController/MSSCommunicationController-Prefix.pch";
				OTHER_LDFLAGS = "-ObjC";
				PRODUCT_NAME = "$(TARGET_NAME)";
				SKIP_INSTALL = YES;
			};
			name = Debug;
		};
		8A2593F414F6811800A3D43A /* Release */ = {
			isa = XCBuildConfiguration;
			buildSettings = {
				DSTROOT = /tmp/MSSCommunicationController.dst;
				GCC_PRECOMPILE_PREFIX_HEADER = YES;
				GCC_PREFIX_HEADER = "MSSCommunicationController/MSSCommunicationController-Prefix.pch";
				OTHER_LDFLAGS = "-ObjC";
				PRODUCT_NAME = "$(TARGET_NAME)";
				SKIP_INSTALL = YES;
			};
			name = Release;
		};
		8AA24CAB14ED072700D7725C /* Debug */ = {
			isa = XCBuildConfiguration;
			buildSettings = {
				ALWAYS_SEARCH_USER_PATHS = NO;
				ARCHS = "$(ARCHS_STANDARD_32_BIT)";
				CLANG_ENABLE_OBJC_ARC = YES;
				"CODE_SIGN_IDENTITY[sdk=iphoneos*]" = "iPhone Developer";
				COPY_PHASE_STRIP = NO;
				GCC_C_LANGUAGE_STANDARD = gnu99;
				GCC_DYNAMIC_NO_PIC = NO;
				GCC_OPTIMIZATION_LEVEL = 0;
				GCC_PREPROCESSOR_DEFINITIONS = (
					"DEBUG=1",
					"$(inherited)",
				);
				GCC_SYMBOLS_PRIVATE_EXTERN = NO;
				GCC_VERSION = com.apple.compilers.llvm.clang.1_0;
				GCC_WARN_ABOUT_MISSING_PROTOTYPES = YES;
				GCC_WARN_ABOUT_RETURN_TYPE = YES;
				GCC_WARN_UNUSED_VARIABLE = YES;
				IPHONEOS_DEPLOYMENT_TARGET = 5.0;
				SDKROOT = iphoneos;
				TARGETED_DEVICE_FAMILY = "1,2";
			};
			name = Debug;
		};
		8AA24CAC14ED072700D7725C /* Release */ = {
			isa = XCBuildConfiguration;
			buildSettings = {
				ALWAYS_SEARCH_USER_PATHS = NO;
				ARCHS = "$(ARCHS_STANDARD_32_BIT)";
				CLANG_ENABLE_OBJC_ARC = YES;
				"CODE_SIGN_IDENTITY[sdk=iphoneos*]" = "iPhone Developer";
				COPY_PHASE_STRIP = YES;
				GCC_C_LANGUAGE_STANDARD = gnu99;
				GCC_VERSION = com.apple.compilers.llvm.clang.1_0;
				GCC_WARN_ABOUT_MISSING_PROTOTYPES = YES;
				GCC_WARN_ABOUT_RETURN_TYPE = YES;
				GCC_WARN_UNUSED_VARIABLE = YES;
				IPHONEOS_DEPLOYMENT_TARGET = 5.0;
				OTHER_CFLAGS = "-DNS_BLOCK_ASSERTIONS=1";
				SDKROOT = iphoneos;
				TARGETED_DEVICE_FAMILY = "1,2";
				VALIDATE_PRODUCT = YES;
			};
			name = Release;
		};
		8AA24CAE14ED072700D7725C /* Debug */ = {
			isa = XCBuildConfiguration;
			buildSettings = {
				GCC_PRECOMPILE_PREFIX_HEADER = YES;
				GCC_PREFIX_HEADER = "pieMenu/pieMenu-Prefix.pch";
				INFOPLIST_FILE = "pieMenu/pieMenu-Info.plist";
				PRODUCT_NAME = "$(TARGET_NAME)";
				WRAPPER_EXTENSION = app;
			};
			name = Debug;
		};
		8AA24CAF14ED072700D7725C /* Release */ = {
			isa = XCBuildConfiguration;
			buildSettings = {
				GCC_PRECOMPILE_PREFIX_HEADER = YES;
				GCC_PREFIX_HEADER = "pieMenu/pieMenu-Prefix.pch";
				INFOPLIST_FILE = "pieMenu/pieMenu-Info.plist";
				PRODUCT_NAME = "$(TARGET_NAME)";
				WRAPPER_EXTENSION = app;
			};
			name = Release;
		};
/* End XCBuildConfiguration section */

/* Begin XCConfigurationList section */
		8A2593F214F6811800A3D43A /* Build configuration list for PBXNativeTarget "MSSCommunicationController" */ = {
			isa = XCConfigurationList;
			buildConfigurations = (
				8A2593F314F6811800A3D43A /* Debug */,
				8A2593F414F6811800A3D43A /* Release */,
			);
			defaultConfigurationIsVisible = 0;
			defaultConfigurationName = Release;
		};
		8AA24C8F14ED072600D7725C /* Build configuration list for PBXProject "pieMenu" */ = {
			isa = XCConfigurationList;
			buildConfigurations = (
				8AA24CAB14ED072700D7725C /* Debug */,
				8AA24CAC14ED072700D7725C /* Release */,
			);
			defaultConfigurationIsVisible = 0;
			defaultConfigurationName = Release;
		};
		8AA24CAD14ED072700D7725C /* Build configuration list for PBXNativeTarget "pieMenu" */ = {
			isa = XCConfigurationList;
			buildConfigurations = (
				8AA24CAE14ED072700D7725C /* Debug */,
				8AA24CAF14ED072700D7725C /* Release */,
			);
			defaultConfigurationIsVisible = 0;
			defaultConfigurationName = Release;
		};
/* End XCConfigurationList section */
	};
	rootObject = 8AA24C8C14ED072600D7725C /* Project object */;
}
